// !$*UTF8*$!
{
	archiveVersion = 1;
	classes = {
	};
	objectVersion = 46;
	objects = {

/* Begin PBXBuildFile section */
		024F1DAE1E53437B004C0320 /* AgentSecurityResponse.swift in Sources */ = {isa = PBXBuildFile; fileRef = 024F1DAD1E53437B004C0320 /* AgentSecurityResponse.swift */; };
		024F1DB01E539CF1004C0320 /* SFGaugeView.swift in Sources */ = {isa = PBXBuildFile; fileRef = 024F1DAF1E539CF1004C0320 /* SFGaugeView.swift */; };
		024F1DB41E55E8C6004C0320 /* CircularCollectionViewLayout.swift in Sources */ = {isa = PBXBuildFile; fileRef = 024F1DB31E55E8C6004C0320 /* CircularCollectionViewLayout.swift */; };
		024F1DB61E55E9E5004C0320 /* bg-dark.jpg in Resources */ = {isa = PBXBuildFile; fileRef = 024F1DB51E55E9E5004C0320 /* bg-dark.jpg */; };
		029F02511E5B43C500E02186 /* libsqlite3.tbd in Frameworks */ = {isa = PBXBuildFile; fileRef = 029F02501E5B43C500E02186 /* libsqlite3.tbd */; };
		029F02531E5B43CF00E02186 /* libz.tbd in Frameworks */ = {isa = PBXBuildFile; fileRef = 029F02521E5B43CF00E02186 /* libz.tbd */; };
		029F02571E5B46BE00E02186 /* Contacts.swift in Sources */ = {isa = PBXBuildFile; fileRef = 029F02551E5B46BE00E02186 /* Contacts.swift */; };
		029F02581E5B46BE00E02186 /* PollChoices.swift in Sources */ = {isa = PBXBuildFile; fileRef = 029F02561E5B46BE00E02186 /* PollChoices.swift */; };
		029F025B1E5B47D900E02186 /* ContactsTable.swift in Sources */ = {isa = PBXBuildFile; fileRef = 029F025A1E5B47D900E02186 /* ContactsTable.swift */; };
		029F025D1E5B493B00E02186 /* NoSQLModelHelpers.swift in Sources */ = {isa = PBXBuildFile; fileRef = 029F025C1E5B493B00E02186 /* NoSQLModelHelpers.swift */; };
		029F025F1E5B494E00E02186 /* NoSQLSampleDataGenerator.swift in Sources */ = {isa = PBXBuildFile; fileRef = 029F025E1E5B494E00E02186 /* NoSQLSampleDataGenerator.swift */; };
		029F02641E5B58BE00E02186 /* AWSCore.framework in Embed Frameworks */ = {isa = PBXBuildFile; fileRef = 029F02601E5B58BE00E02186 /* AWSCore.framework */; settings = {ATTRIBUTES = (CodeSignOnCopy, RemoveHeadersOnCopy, ); }; };
		029F02661E5B58BE00E02186 /* AWSDynamoDB.framework in Embed Frameworks */ = {isa = PBXBuildFile; fileRef = 029F02611E5B58BE00E02186 /* AWSDynamoDB.framework */; settings = {ATTRIBUTES = (CodeSignOnCopy, RemoveHeadersOnCopy, ); }; };
		029F02681E5B58BE00E02186 /* AWSMobileAnalytics.framework in Embed Frameworks */ = {isa = PBXBuildFile; fileRef = 029F02621E5B58BE00E02186 /* AWSMobileAnalytics.framework */; settings = {ATTRIBUTES = (CodeSignOnCopy, RemoveHeadersOnCopy, ); }; };
		029F026B1E5B58FF00E02186 /* AWSMobileHubHelper.framework in Frameworks */ = {isa = PBXBuildFile; fileRef = 029F026A1E5B58FF00E02186 /* AWSMobileHubHelper.framework */; };
		02B2DEED1E5B3275006690ED /* CheckXcodeVersion.sh in Resources */ = {isa = PBXBuildFile; fileRef = 02B2DEEA1E5B3275006690ED /* CheckXcodeVersion.sh */; };
		02B2DEF81E5B3E30006690ED /* AWSMobileClient.swift in Sources */ = {isa = PBXBuildFile; fileRef = 02B2DEF71E5B3E30006690ED /* AWSMobileClient.swift */; };
		B2ADAC15E615A4F82427F213 /* Pods_AgentSecurityCheck.framework in Frameworks */ = {isa = PBXBuildFile; fileRef = 496A0976A22CD50D590E32EA /* Pods_AgentSecurityCheck.framework */; };
		CB12A29E1E43F0C400FE9F0B /* AppDelegate.swift in Sources */ = {isa = PBXBuildFile; fileRef = CB12A29D1E43F0C400FE9F0B /* AppDelegate.swift */; };
		CB12A2A31E43F0C400FE9F0B /* Main.storyboard in Resources */ = {isa = PBXBuildFile; fileRef = CB12A2A11E43F0C400FE9F0B /* Main.storyboard */; };
		CB12A2A51E43F0C400FE9F0B /* Assets.xcassets in Resources */ = {isa = PBXBuildFile; fileRef = CB12A2A41E43F0C400FE9F0B /* Assets.xcassets */; };
		CB12A2A81E43F0C400FE9F0B /* LaunchScreen.storyboard in Resources */ = {isa = PBXBuildFile; fileRef = CB12A2A61E43F0C400FE9F0B /* LaunchScreen.storyboard */; };
		CB12A2B31E43F0C400FE9F0B /* AgentSecurityCheckTests.swift in Sources */ = {isa = PBXBuildFile; fileRef = CB12A2B21E43F0C400FE9F0B /* AgentSecurityCheckTests.swift */; };
		CB12A2BE1E43F0C400FE9F0B /* AgentSecurityCheckUITests.swift in Sources */ = {isa = PBXBuildFile; fileRef = CB12A2BD1E43F0C400FE9F0B /* AgentSecurityCheckUITests.swift */; };
		CB12A2CC1E43F19E00FE9F0B /* HomeViewController.swift in Sources */ = {isa = PBXBuildFile; fileRef = CB12A2CB1E43F19E00FE9F0B /* HomeViewController.swift */; };
		CB12A2CE1E44A25700FE9F0B /* ChoicesTableViewController.swift in Sources */ = {isa = PBXBuildFile; fileRef = CB12A2CD1E44A25700FE9F0B /* ChoicesTableViewController.swift */; };
		CB12A2D01E44BF0400FE9F0B /* AppManager.swift in Sources */ = {isa = PBXBuildFile; fileRef = CB12A2CF1E44BF0400FE9F0B /* AppManager.swift */; };
		CB12A2D21E44C51100FE9F0B /* ColorManager.swift in Sources */ = {isa = PBXBuildFile; fileRef = CB12A2D11E44C51100FE9F0B /* ColorManager.swift */; };
		CB12A2D41E44C84C00FE9F0B /* ChoicesDataManager.swift in Sources */ = {isa = PBXBuildFile; fileRef = CB12A2D31E44C84C00FE9F0B /* ChoicesDataManager.swift */; };
		CB12A2D61E44C87700FE9F0B /* ChoicesData.plist in Resources */ = {isa = PBXBuildFile; fileRef = CB12A2D51E44C87600FE9F0B /* ChoicesData.plist */; };
		CB12A2D81E45017F00FE9F0B /* ResultsViewController.swift in Sources */ = {isa = PBXBuildFile; fileRef = CB12A2D71E45017F00FE9F0B /* ResultsViewController.swift */; };
		CB12A2DB1E45413D00FE9F0B /* QuestionaireTypeCVCellCollectionViewCell.swift in Sources */ = {isa = PBXBuildFile; fileRef = CB12A2D91E45413D00FE9F0B /* QuestionaireTypeCVCellCollectionViewCell.swift */; };
		CB12A2DC1E45413D00FE9F0B /* QuestionaireTypeCVCellCollectionViewCell.xib in Resources */ = {isa = PBXBuildFile; fileRef = CB12A2DA1E45413D00FE9F0B /* QuestionaireTypeCVCellCollectionViewCell.xib */; };
		CB12A31F1E5293EF00FE9F0B /* AgentSecurityCheck.json in Resources */ = {isa = PBXBuildFile; fileRef = CB12A31E1E5293EF00FE9F0B /* AgentSecurityCheck.json */; };
		CB12A3211E52990900FE9F0B /* AgentSecurityDataManager.swift in Sources */ = {isa = PBXBuildFile; fileRef = CB12A3201E52990900FE9F0B /* AgentSecurityDataManager.swift */; };
		CB12A3241E52A90F00FE9F0B /* AgentSecurityCheckItem.swift in Sources */ = {isa = PBXBuildFile; fileRef = CB12A3231E52A90F00FE9F0B /* AgentSecurityCheckItem.swift */; };
		CB12A3261E52AA5000FE9F0B /* AgentSecurityCheckItemDetails.swift in Sources */ = {isa = PBXBuildFile; fileRef = CB12A3251E52AA5000FE9F0B /* AgentSecurityCheckItemDetails.swift */; };
		CB12A3281E52AA5C00FE9F0B /* AgentSecurityCheckItemDetailsChoices.swift in Sources */ = {isa = PBXBuildFile; fileRef = CB12A3271E52AA5C00FE9F0B /* AgentSecurityCheckItemDetailsChoices.swift */; };
		CB12A3291E6260C100FE9F0B /* AWSCore.framework in Frameworks */ = {isa = PBXBuildFile; fileRef = 029F02601E5B58BE00E02186 /* AWSCore.framework */; };
		CB12A32A1E6260C100FE9F0B /* AWSDynamoDB.framework in Frameworks */ = {isa = PBXBuildFile; fileRef = 029F02611E5B58BE00E02186 /* AWSDynamoDB.framework */; };
		CB12A32B1E6260C100FE9F0B /* AWSMobileAnalytics.framework in Frameworks */ = {isa = PBXBuildFile; fileRef = 029F02621E5B58BE00E02186 /* AWSMobileAnalytics.framework */; };
		CB12A32D1E62614200FE9F0B /* AWSCore.framework in CopyFiles */ = {isa = PBXBuildFile; fileRef = 029F02601E5B58BE00E02186 /* AWSCore.framework */; settings = {ATTRIBUTES = (CodeSignOnCopy, RemoveHeadersOnCopy, ); }; };
		CB12A32E1E62614200FE9F0B /* AWSDynamoDB.framework in CopyFiles */ = {isa = PBXBuildFile; fileRef = 029F02611E5B58BE00E02186 /* AWSDynamoDB.framework */; settings = {ATTRIBUTES = (CodeSignOnCopy, RemoveHeadersOnCopy, ); }; };
		CB12A32F1E62614200FE9F0B /* AWSMobileAnalytics.framework in CopyFiles */ = {isa = PBXBuildFile; fileRef = 029F02621E5B58BE00E02186 /* AWSMobileAnalytics.framework */; settings = {ATTRIBUTES = (CodeSignOnCopy, RemoveHeadersOnCopy, ); }; };
/* End PBXBuildFile section */

/* Begin PBXContainerItemProxy section */
		CB12A2AF1E43F0C400FE9F0B /* PBXContainerItemProxy */ = {
			isa = PBXContainerItemProxy;
			containerPortal = CB12A2921E43F0C300FE9F0B /* Project object */;
			proxyType = 1;
			remoteGlobalIDString = CB12A2991E43F0C300FE9F0B;
			remoteInfo = AgentSecurityCheck;
		};
		CB12A2BA1E43F0C400FE9F0B /* PBXContainerItemProxy */ = {
			isa = PBXContainerItemProxy;
			containerPortal = CB12A2921E43F0C300FE9F0B /* Project object */;
			proxyType = 1;
			remoteGlobalIDString = CB12A2991E43F0C300FE9F0B;
			remoteInfo = AgentSecurityCheck;
		};
/* End PBXContainerItemProxy section */

/* Begin PBXCopyFilesBuildPhase section */
		029F02691E5B58BE00E02186 /* Embed Frameworks */ = {
			isa = PBXCopyFilesBuildPhase;
			buildActionMask = 2147483647;
			dstPath = "";
			dstSubfolderSpec = 10;
			files = (
				029F02661E5B58BE00E02186 /* AWSDynamoDB.framework in Embed Frameworks */,
				029F02681E5B58BE00E02186 /* AWSMobileAnalytics.framework in Embed Frameworks */,
				029F02641E5B58BE00E02186 /* AWSCore.framework in Embed Frameworks */,
			);
			name = "Embed Frameworks";
			runOnlyForDeploymentPostprocessing = 0;
		};
		CB12A32C1E62612C00FE9F0B /* CopyFiles */ = {
			isa = PBXCopyFilesBuildPhase;
			buildActionMask = 2147483647;
			dstPath = "";
			dstSubfolderSpec = 10;
			files = (
				CB12A32D1E62614200FE9F0B /* AWSCore.framework in CopyFiles */,
				CB12A32E1E62614200FE9F0B /* AWSDynamoDB.framework in CopyFiles */,
				CB12A32F1E62614200FE9F0B /* AWSMobileAnalytics.framework in CopyFiles */,
			);
			runOnlyForDeploymentPostprocessing = 0;
		};
/* End PBXCopyFilesBuildPhase section */

/* Begin PBXFileReference section */
		024F1DAD1E53437B004C0320 /* AgentSecurityResponse.swift */ = {isa = PBXFileReference; fileEncoding = 4; lastKnownFileType = sourcecode.swift; path = AgentSecurityResponse.swift; sourceTree = "<group>"; };
		024F1DAF1E539CF1004C0320 /* SFGaugeView.swift */ = {isa = PBXFileReference; fileEncoding = 4; lastKnownFileType = sourcecode.swift; path = SFGaugeView.swift; sourceTree = "<group>"; };
		024F1DB31E55E8C6004C0320 /* CircularCollectionViewLayout.swift */ = {isa = PBXFileReference; fileEncoding = 4; lastKnownFileType = sourcecode.swift; path = CircularCollectionViewLayout.swift; sourceTree = "<group>"; };
		024F1DB51E55E9E5004C0320 /* bg-dark.jpg */ = {isa = PBXFileReference; lastKnownFileType = image.jpeg; path = "bg-dark.jpg"; sourceTree = "<group>"; };
		029F02471E5B41BC00E02186 /* AWSMobileHubHelper.framework */ = {isa = PBXFileReference; lastKnownFileType = wrapper.framework; path = AWSMobileHubHelper.framework; sourceTree = "<group>"; };
		029F02501E5B43C500E02186 /* libsqlite3.tbd */ = {isa = PBXFileReference; lastKnownFileType = "sourcecode.text-based-dylib-definition"; name = libsqlite3.tbd; path = usr/lib/libsqlite3.tbd; sourceTree = SDKROOT; };
		029F02521E5B43CF00E02186 /* libz.tbd */ = {isa = PBXFileReference; lastKnownFileType = "sourcecode.text-based-dylib-definition"; name = libz.tbd; path = usr/lib/libz.tbd; sourceTree = SDKROOT; };
		029F02551E5B46BE00E02186 /* Contacts.swift */ = {isa = PBXFileReference; fileEncoding = 4; lastKnownFileType = sourcecode.swift; path = Contacts.swift; sourceTree = "<group>"; };
		029F02561E5B46BE00E02186 /* PollChoices.swift */ = {isa = PBXFileReference; fileEncoding = 4; lastKnownFileType = sourcecode.swift; path = PollChoices.swift; sourceTree = "<group>"; };
		029F025A1E5B47D900E02186 /* ContactsTable.swift */ = {isa = PBXFileReference; fileEncoding = 4; lastKnownFileType = sourcecode.swift; path = ContactsTable.swift; sourceTree = "<group>"; };
		029F025C1E5B493B00E02186 /* NoSQLModelHelpers.swift */ = {isa = PBXFileReference; fileEncoding = 4; lastKnownFileType = sourcecode.swift; path = NoSQLModelHelpers.swift; sourceTree = "<group>"; };
		029F025E1E5B494E00E02186 /* NoSQLSampleDataGenerator.swift */ = {isa = PBXFileReference; fileEncoding = 4; lastKnownFileType = sourcecode.swift; path = NoSQLSampleDataGenerator.swift; sourceTree = "<group>"; };
		029F02601E5B58BE00E02186 /* AWSCore.framework */ = {isa = PBXFileReference; lastKnownFileType = wrapper.framework; path = AWSCore.framework; sourceTree = "<group>"; };
		029F02611E5B58BE00E02186 /* AWSDynamoDB.framework */ = {isa = PBXFileReference; lastKnownFileType = wrapper.framework; path = AWSDynamoDB.framework; sourceTree = "<group>"; };
		029F02621E5B58BE00E02186 /* AWSMobileAnalytics.framework */ = {isa = PBXFileReference; lastKnownFileType = wrapper.framework; path = AWSMobileAnalytics.framework; sourceTree = "<group>"; };
		029F026A1E5B58FF00E02186 /* AWSMobileHubHelper.framework */ = {isa = PBXFileReference; lastKnownFileType = wrapper.framework; name = AWSMobileHubHelper.framework; path = "../../../Downloads/MyFirstAWSMobile-integration-lib-aws-my-sample-app-ios-swift/AmazonAws/AWSMobileHubHelper.framework"; sourceTree = "<group>"; };
		02B2DEE81E5B3275006690ED /* AWSCore.framework */ = {isa = PBXFileReference; lastKnownFileType = wrapper.framework; path = AWSCore.framework; sourceTree = "<group>"; };
		02B2DEE91E5B3275006690ED /* AWSDynamoDB.framework */ = {isa = PBXFileReference; lastKnownFileType = wrapper.framework; path = AWSDynamoDB.framework; sourceTree = "<group>"; };
		02B2DEEA1E5B3275006690ED /* CheckXcodeVersion.sh */ = {isa = PBXFileReference; fileEncoding = 4; lastKnownFileType = text.script.sh; path = CheckXcodeVersion.sh; sourceTree = "<group>"; };
		02B2DEF71E5B3E30006690ED /* AWSMobileClient.swift */ = {isa = PBXFileReference; fileEncoding = 4; lastKnownFileType = sourcecode.swift; path = AWSMobileClient.swift; sourceTree = "<group>"; };
		10804C75B69109DCA6F2B101 /* Pods-AgentSecurityCheck.debug.xcconfig */ = {isa = PBXFileReference; includeInIndex = 1; lastKnownFileType = text.xcconfig; name = "Pods-AgentSecurityCheck.debug.xcconfig"; path = "Pods/Target Support Files/Pods-AgentSecurityCheck/Pods-AgentSecurityCheck.debug.xcconfig"; sourceTree = "<group>"; };
		496A0976A22CD50D590E32EA /* Pods_AgentSecurityCheck.framework */ = {isa = PBXFileReference; explicitFileType = wrapper.framework; includeInIndex = 0; path = Pods_AgentSecurityCheck.framework; sourceTree = BUILT_PRODUCTS_DIR; };
		CB12A29A1E43F0C400FE9F0B /* AgentSecurityCheck.app */ = {isa = PBXFileReference; explicitFileType = wrapper.application; includeInIndex = 0; path = AgentSecurityCheck.app; sourceTree = BUILT_PRODUCTS_DIR; };
		CB12A29D1E43F0C400FE9F0B /* AppDelegate.swift */ = {isa = PBXFileReference; lastKnownFileType = sourcecode.swift; path = AppDelegate.swift; sourceTree = "<group>"; };
		CB12A2A21E43F0C400FE9F0B /* Base */ = {isa = PBXFileReference; lastKnownFileType = file.storyboard; name = Base; path = Base.lproj/Main.storyboard; sourceTree = "<group>"; };
		CB12A2A41E43F0C400FE9F0B /* Assets.xcassets */ = {isa = PBXFileReference; lastKnownFileType = folder.assetcatalog; path = Assets.xcassets; sourceTree = "<group>"; };
		CB12A2A71E43F0C400FE9F0B /* Base */ = {isa = PBXFileReference; lastKnownFileType = file.storyboard; name = Base; path = Base.lproj/LaunchScreen.storyboard; sourceTree = "<group>"; };
		CB12A2A91E43F0C400FE9F0B /* Info.plist */ = {isa = PBXFileReference; lastKnownFileType = text.plist.xml; path = Info.plist; sourceTree = "<group>"; };
		CB12A2AE1E43F0C400FE9F0B /* AgentSecurityCheckTests.xctest */ = {isa = PBXFileReference; explicitFileType = wrapper.cfbundle; includeInIndex = 0; path = AgentSecurityCheckTests.xctest; sourceTree = BUILT_PRODUCTS_DIR; };
		CB12A2B21E43F0C400FE9F0B /* AgentSecurityCheckTests.swift */ = {isa = PBXFileReference; lastKnownFileType = sourcecode.swift; path = AgentSecurityCheckTests.swift; sourceTree = "<group>"; };
		CB12A2B41E43F0C400FE9F0B /* Info.plist */ = {isa = PBXFileReference; lastKnownFileType = text.plist.xml; path = Info.plist; sourceTree = "<group>"; };
		CB12A2B91E43F0C400FE9F0B /* AgentSecurityCheckUITests.xctest */ = {isa = PBXFileReference; explicitFileType = wrapper.cfbundle; includeInIndex = 0; path = AgentSecurityCheckUITests.xctest; sourceTree = BUILT_PRODUCTS_DIR; };
		CB12A2BD1E43F0C400FE9F0B /* AgentSecurityCheckUITests.swift */ = {isa = PBXFileReference; lastKnownFileType = sourcecode.swift; path = AgentSecurityCheckUITests.swift; sourceTree = "<group>"; };
		CB12A2BF1E43F0C400FE9F0B /* Info.plist */ = {isa = PBXFileReference; lastKnownFileType = text.plist.xml; path = Info.plist; sourceTree = "<group>"; };
		CB12A2CB1E43F19E00FE9F0B /* HomeViewController.swift */ = {isa = PBXFileReference; fileEncoding = 4; lastKnownFileType = sourcecode.swift; path = HomeViewController.swift; sourceTree = "<group>"; };
		CB12A2CD1E44A25700FE9F0B /* ChoicesTableViewController.swift */ = {isa = PBXFileReference; fileEncoding = 4; lastKnownFileType = sourcecode.swift; path = ChoicesTableViewController.swift; sourceTree = "<group>"; };
		CB12A2CF1E44BF0400FE9F0B /* AppManager.swift */ = {isa = PBXFileReference; fileEncoding = 4; lastKnownFileType = sourcecode.swift; path = AppManager.swift; sourceTree = "<group>"; };
		CB12A2D11E44C51100FE9F0B /* ColorManager.swift */ = {isa = PBXFileReference; fileEncoding = 4; lastKnownFileType = sourcecode.swift; path = ColorManager.swift; sourceTree = "<group>"; };
		CB12A2D31E44C84C00FE9F0B /* ChoicesDataManager.swift */ = {isa = PBXFileReference; fileEncoding = 4; lastKnownFileType = sourcecode.swift; path = ChoicesDataManager.swift; sourceTree = "<group>"; };
		CB12A2D51E44C87600FE9F0B /* ChoicesData.plist */ = {isa = PBXFileReference; fileEncoding = 4; lastKnownFileType = text.plist.xml; path = ChoicesData.plist; sourceTree = "<group>"; };
		CB12A2D71E45017F00FE9F0B /* ResultsViewController.swift */ = {isa = PBXFileReference; fileEncoding = 4; lastKnownFileType = sourcecode.swift; path = ResultsViewController.swift; sourceTree = "<group>"; };
		CB12A2D91E45413D00FE9F0B /* QuestionaireTypeCVCellCollectionViewCell.swift */ = {isa = PBXFileReference; fileEncoding = 4; lastKnownFileType = sourcecode.swift; path = QuestionaireTypeCVCellCollectionViewCell.swift; sourceTree = "<group>"; };
		CB12A2DA1E45413D00FE9F0B /* QuestionaireTypeCVCellCollectionViewCell.xib */ = {isa = PBXFileReference; fileEncoding = 4; lastKnownFileType = file.xib; path = QuestionaireTypeCVCellCollectionViewCell.xib; sourceTree = "<group>"; };
		CB12A31E1E5293EF00FE9F0B /* AgentSecurityCheck.json */ = {isa = PBXFileReference; fileEncoding = 4; lastKnownFileType = text.json; path = AgentSecurityCheck.json; sourceTree = "<group>"; };
		CB12A3201E52990900FE9F0B /* AgentSecurityDataManager.swift */ = {isa = PBXFileReference; fileEncoding = 4; lastKnownFileType = sourcecode.swift; path = AgentSecurityDataManager.swift; sourceTree = "<group>"; };
		CB12A3231E52A90F00FE9F0B /* AgentSecurityCheckItem.swift */ = {isa = PBXFileReference; fileEncoding = 4; lastKnownFileType = sourcecode.swift; path = AgentSecurityCheckItem.swift; sourceTree = "<group>"; };
		CB12A3251E52AA5000FE9F0B /* AgentSecurityCheckItemDetails.swift */ = {isa = PBXFileReference; fileEncoding = 4; lastKnownFileType = sourcecode.swift; path = AgentSecurityCheckItemDetails.swift; sourceTree = "<group>"; };
		CB12A3271E52AA5C00FE9F0B /* AgentSecurityCheckItemDetailsChoices.swift */ = {isa = PBXFileReference; fileEncoding = 4; lastKnownFileType = sourcecode.swift; path = AgentSecurityCheckItemDetailsChoices.swift; sourceTree = "<group>"; };
		E7C96069C6FE9262CE9F6EBA /* Pods-AgentSecurityCheck.release.xcconfig */ = {isa = PBXFileReference; includeInIndex = 1; lastKnownFileType = text.xcconfig; name = "Pods-AgentSecurityCheck.release.xcconfig"; path = "Pods/Target Support Files/Pods-AgentSecurityCheck/Pods-AgentSecurityCheck.release.xcconfig"; sourceTree = "<group>"; };
/* End PBXFileReference section */

/* Begin PBXFrameworksBuildPhase section */
		CB12A2971E43F0C300FE9F0B /* Frameworks */ = {
			isa = PBXFrameworksBuildPhase;
			buildActionMask = 2147483647;
			files = (
				CB12A3291E6260C100FE9F0B /* AWSCore.framework in Frameworks */,
				CB12A32A1E6260C100FE9F0B /* AWSDynamoDB.framework in Frameworks */,
				CB12A32B1E6260C100FE9F0B /* AWSMobileAnalytics.framework in Frameworks */,
				029F02531E5B43CF00E02186 /* libz.tbd in Frameworks */,
				029F02511E5B43C500E02186 /* libsqlite3.tbd in Frameworks */,
				029F026B1E5B58FF00E02186 /* AWSMobileHubHelper.framework in Frameworks */,
				B2ADAC15E615A4F82427F213 /* Pods_AgentSecurityCheck.framework in Frameworks */,
			);
			runOnlyForDeploymentPostprocessing = 0;
		};
		CB12A2AB1E43F0C400FE9F0B /* Frameworks */ = {
			isa = PBXFrameworksBuildPhase;
			buildActionMask = 2147483647;
			files = (
			);
			runOnlyForDeploymentPostprocessing = 0;
		};
		CB12A2B61E43F0C400FE9F0B /* Frameworks */ = {
			isa = PBXFrameworksBuildPhase;
			buildActionMask = 2147483647;
			files = (
			);
			runOnlyForDeploymentPostprocessing = 0;
		};
/* End PBXFrameworksBuildPhase section */

/* Begin PBXGroup section */
		029F02591E5B47CC00E02186 /* Helper */ = {
			isa = PBXGroup;
			children = (
				029F025A1E5B47D900E02186 /* ContactsTable.swift */,
				029F025C1E5B493B00E02186 /* NoSQLModelHelpers.swift */,
				029F025E1E5B494E00E02186 /* NoSQLSampleDataGenerator.swift */,
				02B2DEF71E5B3E30006690ED /* AWSMobileClient.swift */,
			);
			name = Helper;
			sourceTree = "<group>";
		};
		029F026C1E5B774F00E02186 /* CustomViews */ = {
			isa = PBXGroup;
			children = (
				024F1DAF1E539CF1004C0320 /* SFGaugeView.swift */,
				024F1DB31E55E8C6004C0320 /* CircularCollectionViewLayout.swift */,
				CB12A2D91E45413D00FE9F0B /* QuestionaireTypeCVCellCollectionViewCell.swift */,
				CB12A2DA1E45413D00FE9F0B /* QuestionaireTypeCVCellCollectionViewCell.xib */,
			);
			name = CustomViews;
			sourceTree = "<group>";
		};
		029F026D1E5B777100E02186 /* ViewControllers */ = {
			isa = PBXGroup;
			children = (
				CB12A2CB1E43F19E00FE9F0B /* HomeViewController.swift */,
				CB12A2D71E45017F00FE9F0B /* ResultsViewController.swift */,
				CB12A2CD1E44A25700FE9F0B /* ChoicesTableViewController.swift */,
			);
			name = ViewControllers;
			sourceTree = "<group>";
		};
		029F026E1E5B779700E02186 /* LocalData */ = {
			isa = PBXGroup;
			children = (
				CB12A2D51E44C87600FE9F0B /* ChoicesData.plist */,
			);
			name = LocalData;
			sourceTree = "<group>";
		};
		02B2DEE61E5B3275006690ED /* Sdk */ = {
			isa = PBXGroup;
			children = (
				02B2DEE71E5B3275006690ED /* Aws */,
				02B2DEEA1E5B3275006690ED /* CheckXcodeVersion.sh */,
			);
			path = Sdk;
			sourceTree = "<group>";
		};
		02B2DEE71E5B3275006690ED /* Aws */ = {
			isa = PBXGroup;
			children = (
				029F02471E5B41BC00E02186 /* AWSMobileHubHelper.framework */,
				02B2DEE81E5B3275006690ED /* AWSCore.framework */,
				02B2DEE91E5B3275006690ED /* AWSDynamoDB.framework */,
			);
			path = Aws;
			sourceTree = "<group>";
		};
		371CF2F42108EE715A2740B6 /* Pods */ = {
			isa = PBXGroup;
			children = (
				10804C75B69109DCA6F2B101 /* Pods-AgentSecurityCheck.debug.xcconfig */,
				E7C96069C6FE9262CE9F6EBA /* Pods-AgentSecurityCheck.release.xcconfig */,
			);
			name = Pods;
			sourceTree = "<group>";
		};
		CB12A2911E43F0C300FE9F0B = {
			isa = PBXGroup;
			children = (
				029F02601E5B58BE00E02186 /* AWSCore.framework */,
				029F02611E5B58BE00E02186 /* AWSDynamoDB.framework */,
				029F02621E5B58BE00E02186 /* AWSMobileAnalytics.framework */,
				CB12A29C1E43F0C400FE9F0B /* AgentSecurityCheck */,
				CB12A2B11E43F0C400FE9F0B /* AgentSecurityCheckTests */,
				CB12A2BC1E43F0C400FE9F0B /* AgentSecurityCheckUITests */,
				CB12A29B1E43F0C400FE9F0B /* Products */,
				371CF2F42108EE715A2740B6 /* Pods */,
				E5D929B2009602A282963A30 /* Frameworks */,
			);
			sourceTree = "<group>";
		};
		CB12A29B1E43F0C400FE9F0B /* Products */ = {
			isa = PBXGroup;
			children = (
				CB12A29A1E43F0C400FE9F0B /* AgentSecurityCheck.app */,
				CB12A2AE1E43F0C400FE9F0B /* AgentSecurityCheckTests.xctest */,
				CB12A2B91E43F0C400FE9F0B /* AgentSecurityCheckUITests.xctest */,
			);
			name = Products;
			sourceTree = "<group>";
		};
		CB12A29C1E43F0C400FE9F0B /* AgentSecurityCheck */ = {
			isa = PBXGroup;
			children = (
				029F026E1E5B779700E02186 /* LocalData */,
				029F026D1E5B777100E02186 /* ViewControllers */,
				029F026C1E5B774F00E02186 /* CustomViews */,
				029F02591E5B47CC00E02186 /* Helper */,
				02B2DEE61E5B3275006690ED /* Sdk */,
				CB12A3221E52A8F200FE9F0B /* Model */,
				CB12A31E1E5293EF00FE9F0B /* AgentSecurityCheck.json */,
				CB12A29D1E43F0C400FE9F0B /* AppDelegate.swift */,
				CB12A2A11E43F0C400FE9F0B /* Main.storyboard */,
				CB12A2A41E43F0C400FE9F0B /* Assets.xcassets */,
				024F1DB51E55E9E5004C0320 /* bg-dark.jpg */,
				CB12A2A61E43F0C400FE9F0B /* LaunchScreen.storyboard */,
				CB12A2A91E43F0C400FE9F0B /* Info.plist */,
				CB12A2CF1E44BF0400FE9F0B /* AppManager.swift */,
				CB12A2D11E44C51100FE9F0B /* ColorManager.swift */,
				CB12A2D31E44C84C00FE9F0B /* ChoicesDataManager.swift */,
				CB12A3201E52990900FE9F0B /* AgentSecurityDataManager.swift */,
			);
			path = AgentSecurityCheck;
			sourceTree = "<group>";
		};
		CB12A2B11E43F0C400FE9F0B /* AgentSecurityCheckTests */ = {
			isa = PBXGroup;
			children = (
				CB12A2B21E43F0C400FE9F0B /* AgentSecurityCheckTests.swift */,
				CB12A2B41E43F0C400FE9F0B /* Info.plist */,
			);
			path = AgentSecurityCheckTests;
			sourceTree = "<group>";
		};
		CB12A2BC1E43F0C400FE9F0B /* AgentSecurityCheckUITests */ = {
			isa = PBXGroup;
			children = (
				CB12A2BD1E43F0C400FE9F0B /* AgentSecurityCheckUITests.swift */,
				CB12A2BF1E43F0C400FE9F0B /* Info.plist */,
			);
			path = AgentSecurityCheckUITests;
			sourceTree = "<group>";
		};
		CB12A3221E52A8F200FE9F0B /* Model */ = {
			isa = PBXGroup;
			children = (
				029F02551E5B46BE00E02186 /* Contacts.swift */,
				029F02561E5B46BE00E02186 /* PollChoices.swift */,
				CB12A3231E52A90F00FE9F0B /* AgentSecurityCheckItem.swift */,
				CB12A3251E52AA5000FE9F0B /* AgentSecurityCheckItemDetails.swift */,
				CB12A3271E52AA5C00FE9F0B /* AgentSecurityCheckItemDetailsChoices.swift */,
				024F1DAD1E53437B004C0320 /* AgentSecurityResponse.swift */,
			);
			name = Model;
			sourceTree = "<group>";
		};
		E5D929B2009602A282963A30 /* Frameworks */ = {
			isa = PBXGroup;
			children = (
				029F026A1E5B58FF00E02186 /* AWSMobileHubHelper.framework */,
				029F02521E5B43CF00E02186 /* libz.tbd */,
				029F02501E5B43C500E02186 /* libsqlite3.tbd */,
				496A0976A22CD50D590E32EA /* Pods_AgentSecurityCheck.framework */,
			);
			name = Frameworks;
			sourceTree = "<group>";
		};
/* End PBXGroup section */

/* Begin PBXNativeTarget section */
		CB12A2991E43F0C300FE9F0B /* AgentSecurityCheck */ = {
			isa = PBXNativeTarget;
			buildConfigurationList = CB12A2C21E43F0C400FE9F0B /* Build configuration list for PBXNativeTarget "AgentSecurityCheck" */;
			buildPhases = (
				6A3014942AB50B8767BFDCF4 /* [CP] Check Pods Manifest.lock */,
				CB12A2961E43F0C300FE9F0B /* Sources */,
				CB12A2971E43F0C300FE9F0B /* Frameworks */,
				CB12A32C1E62612C00FE9F0B /* CopyFiles */,
				CB12A2981E43F0C300FE9F0B /* Resources */,
				B8BBFE40F68A122A77C78E5E /* [CP] Embed Pods Frameworks */,
				B568D62F62B5FADA6CDC4C40 /* [CP] Copy Pods Resources */,
				02B2DEF61E5B3352006690ED /* ShellScript */,
				029F02691E5B58BE00E02186 /* Embed Frameworks */,
			);
			buildRules = (
			);
			dependencies = (
			);
			name = AgentSecurityCheck;
			productName = AgentSecurityCheck;
			productReference = CB12A29A1E43F0C400FE9F0B /* AgentSecurityCheck.app */;
			productType = "com.apple.product-type.application";
		};
		CB12A2AD1E43F0C400FE9F0B /* AgentSecurityCheckTests */ = {
			isa = PBXNativeTarget;
			buildConfigurationList = CB12A2C51E43F0C400FE9F0B /* Build configuration list for PBXNativeTarget "AgentSecurityCheckTests" */;
			buildPhases = (
				CB12A2AA1E43F0C400FE9F0B /* Sources */,
				CB12A2AB1E43F0C400FE9F0B /* Frameworks */,
				CB12A2AC1E43F0C400FE9F0B /* Resources */,
			);
			buildRules = (
			);
			dependencies = (
				CB12A2B01E43F0C400FE9F0B /* PBXTargetDependency */,
			);
			name = AgentSecurityCheckTests;
			productName = AgentSecurityCheckTests;
			productReference = CB12A2AE1E43F0C400FE9F0B /* AgentSecurityCheckTests.xctest */;
			productType = "com.apple.product-type.bundle.unit-test";
		};
		CB12A2B81E43F0C400FE9F0B /* AgentSecurityCheckUITests */ = {
			isa = PBXNativeTarget;
			buildConfigurationList = CB12A2C81E43F0C400FE9F0B /* Build configuration list for PBXNativeTarget "AgentSecurityCheckUITests" */;
			buildPhases = (
				CB12A2B51E43F0C400FE9F0B /* Sources */,
				CB12A2B61E43F0C400FE9F0B /* Frameworks */,
				CB12A2B71E43F0C400FE9F0B /* Resources */,
			);
			buildRules = (
			);
			dependencies = (
				CB12A2BB1E43F0C400FE9F0B /* PBXTargetDependency */,
			);
			name = AgentSecurityCheckUITests;
			productName = AgentSecurityCheckUITests;
			productReference = CB12A2B91E43F0C400FE9F0B /* AgentSecurityCheckUITests.xctest */;
			productType = "com.apple.product-type.bundle.ui-testing";
		};
/* End PBXNativeTarget section */

/* Begin PBXProject section */
		CB12A2921E43F0C300FE9F0B /* Project object */ = {
			isa = PBXProject;
			attributes = {
				LastSwiftUpdateCheck = 0820;
				LastUpgradeCheck = 0820;
				ORGANIZATIONNAME = "Krishnan Sriram Rama";
				TargetAttributes = {
					CB12A2991E43F0C300FE9F0B = {
						CreatedOnToolsVersion = 8.2.1;
						DevelopmentTeam = 4345WGKETF;
						ProvisioningStyle = Automatic;
					};
					CB12A2AD1E43F0C400FE9F0B = {
						CreatedOnToolsVersion = 8.2.1;
						DevelopmentTeam = V252TK6927;
						ProvisioningStyle = Automatic;
						TestTargetID = CB12A2991E43F0C300FE9F0B;
					};
					CB12A2B81E43F0C400FE9F0B = {
						CreatedOnToolsVersion = 8.2.1;
						DevelopmentTeam = V252TK6927;
						ProvisioningStyle = Automatic;
						TestTargetID = CB12A2991E43F0C300FE9F0B;
					};
				};
			};
			buildConfigurationList = CB12A2951E43F0C300FE9F0B /* Build configuration list for PBXProject "AgentSecurityCheck" */;
			compatibilityVersion = "Xcode 3.2";
			developmentRegion = English;
			hasScannedForEncodings = 0;
			knownRegions = (
				en,
				Base,
			);
			mainGroup = CB12A2911E43F0C300FE9F0B;
			productRefGroup = CB12A29B1E43F0C400FE9F0B /* Products */;
			projectDirPath = "";
			projectRoot = "";
			targets = (
				CB12A2991E43F0C300FE9F0B /* AgentSecurityCheck */,
				CB12A2AD1E43F0C400FE9F0B /* AgentSecurityCheckTests */,
				CB12A2B81E43F0C400FE9F0B /* AgentSecurityCheckUITests */,
			);
		};
/* End PBXProject section */

/* Begin PBXResourcesBuildPhase section */
		CB12A2981E43F0C300FE9F0B /* Resources */ = {
			isa = PBXResourcesBuildPhase;
			buildActionMask = 2147483647;
			files = (
				CB12A31F1E5293EF00FE9F0B /* AgentSecurityCheck.json in Resources */,
				CB12A2DC1E45413D00FE9F0B /* QuestionaireTypeCVCellCollectionViewCell.xib in Resources */,
				CB12A2A81E43F0C400FE9F0B /* LaunchScreen.storyboard in Resources */,
				CB12A2A51E43F0C400FE9F0B /* Assets.xcassets in Resources */,
				02B2DEED1E5B3275006690ED /* CheckXcodeVersion.sh in Resources */,
				024F1DB61E55E9E5004C0320 /* bg-dark.jpg in Resources */,
				CB12A2A31E43F0C400FE9F0B /* Main.storyboard in Resources */,
				CB12A2D61E44C87700FE9F0B /* ChoicesData.plist in Resources */,
			);
			runOnlyForDeploymentPostprocessing = 0;
		};
		CB12A2AC1E43F0C400FE9F0B /* Resources */ = {
			isa = PBXResourcesBuildPhase;
			buildActionMask = 2147483647;
			files = (
			);
			runOnlyForDeploymentPostprocessing = 0;
		};
		CB12A2B71E43F0C400FE9F0B /* Resources */ = {
			isa = PBXResourcesBuildPhase;
			buildActionMask = 2147483647;
			files = (
			);
			runOnlyForDeploymentPostprocessing = 0;
		};
/* End PBXResourcesBuildPhase section */

/* Begin PBXShellScriptBuildPhase section */
		02B2DEF61E5B3352006690ED /* ShellScript */ = {
			isa = PBXShellScriptBuildPhase;
			buildActionMask = 2147483647;
			files = (
			);
			inputPaths = (
			);
			outputPaths = (
			);
			runOnlyForDeploymentPostprocessing = 0;
			shellPath = /bin/sh;
			shellScript = "bash \"${BUILT_PRODUCTS_DIR}/${FRAMEWORKS_FOLDER_PATH}/AWSCore.framework/strip-frameworks.sh\"";
		};
		6A3014942AB50B8767BFDCF4 /* [CP] Check Pods Manifest.lock */ = {
			isa = PBXShellScriptBuildPhase;
			buildActionMask = 2147483647;
			files = (
			);
			inputPaths = (
			);
			name = "[CP] Check Pods Manifest.lock";
			outputPaths = (
			);
			runOnlyForDeploymentPostprocessing = 0;
			shellPath = /bin/sh;
			shellScript = "diff \"${PODS_ROOT}/../Podfile.lock\" \"${PODS_ROOT}/Manifest.lock\" > /dev/null\nif [ $? != 0 ] ; then\n    # print error to STDERR\n    echo \"error: The sandbox is not in sync with the Podfile.lock. Run 'pod install' or update your CocoaPods installation.\" >&2\n    exit 1\nfi\n";
			showEnvVarsInLog = 0;
		};
		B568D62F62B5FADA6CDC4C40 /* [CP] Copy Pods Resources */ = {
			isa = PBXShellScriptBuildPhase;
			buildActionMask = 2147483647;
			files = (
			);
			inputPaths = (
			);
			name = "[CP] Copy Pods Resources";
			outputPaths = (
			);
			runOnlyForDeploymentPostprocessing = 0;
			shellPath = /bin/sh;
			shellScript = "\"${SRCROOT}/Pods/Target Support Files/Pods-AgentSecurityCheck/Pods-AgentSecurityCheck-resources.sh\"\n";
			showEnvVarsInLog = 0;
		};
		B8BBFE40F68A122A77C78E5E /* [CP] Embed Pods Frameworks */ = {
			isa = PBXShellScriptBuildPhase;
			buildActionMask = 2147483647;
			files = (
			);
			inputPaths = (
			);
			name = "[CP] Embed Pods Frameworks";
			outputPaths = (
			);
			runOnlyForDeploymentPostprocessing = 0;
			shellPath = /bin/sh;
			shellScript = "\"${SRCROOT}/Pods/Target Support Files/Pods-AgentSecurityCheck/Pods-AgentSecurityCheck-frameworks.sh\"\n";
			showEnvVarsInLog = 0;
		};
/* End PBXShellScriptBuildPhase section */

/* Begin PBXSourcesBuildPhase section */
		CB12A2961E43F0C300FE9F0B /* Sources */ = {
			isa = PBXSourcesBuildPhase;
			buildActionMask = 2147483647;
			files = (
				CB12A2D41E44C84C00FE9F0B /* ChoicesDataManager.swift in Sources */,
				CB12A2CE1E44A25700FE9F0B /* ChoicesTableViewController.swift in Sources */,
				029F025F1E5B494E00E02186 /* NoSQLSampleDataGenerator.swift in Sources */,
				02B2DEF81E5B3E30006690ED /* AWSMobileClient.swift in Sources */,
				029F025B1E5B47D900E02186 /* ContactsTable.swift in Sources */,
				CB12A2D21E44C51100FE9F0B /* ColorManager.swift in Sources */,
				CB12A2D81E45017F00FE9F0B /* ResultsViewController.swift in Sources */,
				CB12A2DB1E45413D00FE9F0B /* QuestionaireTypeCVCellCollectionViewCell.swift in Sources */,
				CB12A2CC1E43F19E00FE9F0B /* HomeViewController.swift in Sources */,
				CB12A3211E52990900FE9F0B /* AgentSecurityDataManager.swift in Sources */,
				CB12A29E1E43F0C400FE9F0B /* AppDelegate.swift in Sources */,
				029F02581E5B46BE00E02186 /* PollChoices.swift in Sources */,
				CB12A2D01E44BF0400FE9F0B /* AppManager.swift in Sources */,
				029F02571E5B46BE00E02186 /* Contacts.swift in Sources */,
				024F1DB01E539CF1004C0320 /* SFGaugeView.swift in Sources */,
				024F1DAE1E53437B004C0320 /* AgentSecurityResponse.swift in Sources */,
				CB12A3281E52AA5C00FE9F0B /* AgentSecurityCheckItemDetailsChoices.swift in Sources */,
				024F1DB41E55E8C6004C0320 /* CircularCollectionViewLayout.swift in Sources */,
				CB12A3261E52AA5000FE9F0B /* AgentSecurityCheckItemDetails.swift in Sources */,
				CB12A3241E52A90F00FE9F0B /* AgentSecurityCheckItem.swift in Sources */,
				029F025D1E5B493B00E02186 /* NoSQLModelHelpers.swift in Sources */,
			);
			runOnlyForDeploymentPostprocessing = 0;
		};
		CB12A2AA1E43F0C400FE9F0B /* Sources */ = {
			isa = PBXSourcesBuildPhase;
			buildActionMask = 2147483647;
			files = (
				CB12A2B31E43F0C400FE9F0B /* AgentSecurityCheckTests.swift in Sources */,
			);
			runOnlyForDeploymentPostprocessing = 0;
		};
		CB12A2B51E43F0C400FE9F0B /* Sources */ = {
			isa = PBXSourcesBuildPhase;
			buildActionMask = 2147483647;
			files = (
				CB12A2BE1E43F0C400FE9F0B /* AgentSecurityCheckUITests.swift in Sources */,
			);
			runOnlyForDeploymentPostprocessing = 0;
		};
/* End PBXSourcesBuildPhase section */

/* Begin PBXTargetDependency section */
		CB12A2B01E43F0C400FE9F0B /* PBXTargetDependency */ = {
			isa = PBXTargetDependency;
			target = CB12A2991E43F0C300FE9F0B /* AgentSecurityCheck */;
			targetProxy = CB12A2AF1E43F0C400FE9F0B /* PBXContainerItemProxy */;
		};
		CB12A2BB1E43F0C400FE9F0B /* PBXTargetDependency */ = {
			isa = PBXTargetDependency;
			target = CB12A2991E43F0C300FE9F0B /* AgentSecurityCheck */;
			targetProxy = CB12A2BA1E43F0C400FE9F0B /* PBXContainerItemProxy */;
		};
/* End PBXTargetDependency section */

/* Begin PBXVariantGroup section */
		CB12A2A11E43F0C400FE9F0B /* Main.storyboard */ = {
			isa = PBXVariantGroup;
			children = (
				CB12A2A21E43F0C400FE9F0B /* Base */,
			);
			name = Main.storyboard;
			sourceTree = "<group>";
		};
		CB12A2A61E43F0C400FE9F0B /* LaunchScreen.storyboard */ = {
			isa = PBXVariantGroup;
			children = (
				CB12A2A71E43F0C400FE9F0B /* Base */,
			);
			name = LaunchScreen.storyboard;
			sourceTree = "<group>";
		};
/* End PBXVariantGroup section */

/* Begin XCBuildConfiguration section */
		CB12A2C01E43F0C400FE9F0B /* Debug */ = {
			isa = XCBuildConfiguration;
			buildSettings = {
				ALWAYS_SEARCH_USER_PATHS = NO;
				CLANG_ANALYZER_NONNULL = YES;
				CLANG_CXX_LANGUAGE_STANDARD = "gnu++0x";
				CLANG_CXX_LIBRARY = "libc++";
				CLANG_ENABLE_MODULES = YES;
				CLANG_ENABLE_OBJC_ARC = YES;
				CLANG_WARN_BOOL_CONVERSION = YES;
				CLANG_WARN_CONSTANT_CONVERSION = YES;
				CLANG_WARN_DIRECT_OBJC_ISA_USAGE = YES_ERROR;
				CLANG_WARN_DOCUMENTATION_COMMENTS = YES;
				CLANG_WARN_EMPTY_BODY = YES;
				CLANG_WARN_ENUM_CONVERSION = YES;
				CLANG_WARN_INFINITE_RECURSION = YES;
				CLANG_WARN_INT_CONVERSION = YES;
				CLANG_WARN_OBJC_ROOT_CLASS = YES_ERROR;
				CLANG_WARN_SUSPICIOUS_MOVE = YES;
				CLANG_WARN_UNREACHABLE_CODE = YES;
				CLANG_WARN__DUPLICATE_METHOD_MATCH = YES;
				"CODE_SIGN_IDENTITY[sdk=iphoneos*]" = "iPhone Developer";
				COPY_PHASE_STRIP = NO;
				DEBUG_INFORMATION_FORMAT = dwarf;
				ENABLE_STRICT_OBJC_MSGSEND = YES;
				ENABLE_TESTABILITY = YES;
				GCC_C_LANGUAGE_STANDARD = gnu99;
				GCC_DYNAMIC_NO_PIC = NO;
				GCC_NO_COMMON_BLOCKS = YES;
				GCC_OPTIMIZATION_LEVEL = 0;
				GCC_PREPROCESSOR_DEFINITIONS = (
					"DEBUG=1",
					"$(inherited)",
				);
				GCC_WARN_64_TO_32_BIT_CONVERSION = YES;
				GCC_WARN_ABOUT_RETURN_TYPE = YES_ERROR;
				GCC_WARN_UNDECLARED_SELECTOR = YES;
				GCC_WARN_UNINITIALIZED_AUTOS = YES_AGGRESSIVE;
				GCC_WARN_UNUSED_FUNCTION = YES;
				GCC_WARN_UNUSED_VARIABLE = YES;
				IPHONEOS_DEPLOYMENT_TARGET = 10.2;
				MTL_ENABLE_DEBUG_INFO = YES;
				ONLY_ACTIVE_ARCH = YES;
				SDKROOT = iphoneos;
				SWIFT_ACTIVE_COMPILATION_CONDITIONS = DEBUG;
				SWIFT_OPTIMIZATION_LEVEL = "-Onone";
				TARGETED_DEVICE_FAMILY = 2;
			};
			name = Debug;
		};
		CB12A2C11E43F0C400FE9F0B /* Release */ = {
			isa = XCBuildConfiguration;
			buildSettings = {
				ALWAYS_SEARCH_USER_PATHS = NO;
				CLANG_ANALYZER_NONNULL = YES;
				CLANG_CXX_LANGUAGE_STANDARD = "gnu++0x";
				CLANG_CXX_LIBRARY = "libc++";
				CLANG_ENABLE_MODULES = YES;
				CLANG_ENABLE_OBJC_ARC = YES;
				CLANG_WARN_BOOL_CONVERSION = YES;
				CLANG_WARN_CONSTANT_CONVERSION = YES;
				CLANG_WARN_DIRECT_OBJC_ISA_USAGE = YES_ERROR;
				CLANG_WARN_DOCUMENTATION_COMMENTS = YES;
				CLANG_WARN_EMPTY_BODY = YES;
				CLANG_WARN_ENUM_CONVERSION = YES;
				CLANG_WARN_INFINITE_RECURSION = YES;
				CLANG_WARN_INT_CONVERSION = YES;
				CLANG_WARN_OBJC_ROOT_CLASS = YES_ERROR;
				CLANG_WARN_SUSPICIOUS_MOVE = YES;
				CLANG_WARN_UNREACHABLE_CODE = YES;
				CLANG_WARN__DUPLICATE_METHOD_MATCH = YES;
				"CODE_SIGN_IDENTITY[sdk=iphoneos*]" = "iPhone Developer";
				COPY_PHASE_STRIP = NO;
				DEBUG_INFORMATION_FORMAT = "dwarf-with-dsym";
				ENABLE_NS_ASSERTIONS = NO;
				ENABLE_STRICT_OBJC_MSGSEND = YES;
				GCC_C_LANGUAGE_STANDARD = gnu99;
				GCC_NO_COMMON_BLOCKS = YES;
				GCC_WARN_64_TO_32_BIT_CONVERSION = YES;
				GCC_WARN_ABOUT_RETURN_TYPE = YES_ERROR;
				GCC_WARN_UNDECLARED_SELECTOR = YES;
				GCC_WARN_UNINITIALIZED_AUTOS = YES_AGGRESSIVE;
				GCC_WARN_UNUSED_FUNCTION = YES;
				GCC_WARN_UNUSED_VARIABLE = YES;
				IPHONEOS_DEPLOYMENT_TARGET = 10.2;
				MTL_ENABLE_DEBUG_INFO = NO;
				SDKROOT = iphoneos;
				SWIFT_OPTIMIZATION_LEVEL = "-Owholemodule";
				TARGETED_DEVICE_FAMILY = 2;
				VALIDATE_PRODUCT = YES;
			};
			name = Release;
		};
		CB12A2C31E43F0C400FE9F0B /* Debug */ = {
			isa = XCBuildConfiguration;
			baseConfigurationReference = 10804C75B69109DCA6F2B101 /* Pods-AgentSecurityCheck.debug.xcconfig */;
			buildSettings = {
				ASSETCATALOG_COMPILER_APPICON_NAME = AppIcon;
				DEVELOPMENT_TEAM = 4345WGKETF;
				FRAMEWORK_SEARCH_PATHS = (
					"$(inherited)",
					"$(PROJECT_DIR)/AgentSecurityCheck/Sdk/Aws",
					"$(PROJECT_DIR)",
				);
				INFOPLIST_FILE = AgentSecurityCheck/Info.plist;
				LD_RUNPATH_SEARCH_PATHS = "$(inherited) @executable_path/Frameworks";
				PRODUCT_BUNDLE_IDENTIFIER = com.grange.ios.AgentSecurityCheck;
				PRODUCT_NAME = "$(TARGET_NAME)";
				SWIFT_VERSION = 3.0;
			};
			name = Debug;
		};
		CB12A2C41E43F0C400FE9F0B /* Release */ = {
			isa = XCBuildConfiguration;
			baseConfigurationReference = E7C96069C6FE9262CE9F6EBA /* Pods-AgentSecurityCheck.release.xcconfig */;
			buildSettings = {
				ASSETCATALOG_COMPILER_APPICON_NAME = AppIcon;
				DEVELOPMENT_TEAM = 4345WGKETF;
				FRAMEWORK_SEARCH_PATHS = (
					"$(inherited)",
					"$(PROJECT_DIR)/AgentSecurityCheck/Sdk/Aws",
					"$(PROJECT_DIR)",
				);
				INFOPLIST_FILE = AgentSecurityCheck/Info.plist;
				LD_RUNPATH_SEARCH_PATHS = "$(inherited) @executable_path/Frameworks";
				PRODUCT_BUNDLE_IDENTIFIER = com.grange.ios.AgentSecurityCheck;
				PRODUCT_NAME = "$(TARGET_NAME)";
				SWIFT_VERSION = 3.0;
			};
			name = Release;
		};
		CB12A2C61E43F0C400FE9F0B /* Debug */ = {
			isa = XCBuildConfiguration;
			buildSettings = {
				ALWAYS_EMBED_SWIFT_STANDARD_LIBRARIES = YES;
				BUNDLE_LOADER = "$(TEST_HOST)";
				DEVELOPMENT_TEAM = V252TK6927;
				INFOPLIST_FILE = AgentSecurityCheckTests/Info.plist;
				LD_RUNPATH_SEARCH_PATHS = "$(inherited) @executable_path/Frameworks @loader_path/Frameworks";
				PRODUCT_BUNDLE_IDENTIFIER = com.grange.ios.AgentSecurityCheckTests;
				PRODUCT_NAME = "$(TARGET_NAME)";
				SWIFT_VERSION = 3.0;
				TEST_HOST = "$(BUILT_PRODUCTS_DIR)/AgentSecurityCheck.app/AgentSecurityCheck";
			};
			name = Debug;
		};
		CB12A2C71E43F0C400FE9F0B /* Release */ = {
			isa = XCBuildConfiguration;
			buildSettings = {
				ALWAYS_EMBED_SWIFT_STANDARD_LIBRARIES = YES;
				BUNDLE_LOADER = "$(TEST_HOST)";
				DEVELOPMENT_TEAM = V252TK6927;
				INFOPLIST_FILE = AgentSecurityCheckTests/Info.plist;
				LD_RUNPATH_SEARCH_PATHS = "$(inherited) @executable_path/Frameworks @loader_path/Frameworks";
				PRODUCT_BUNDLE_IDENTIFIER = com.grange.ios.AgentSecurityCheckTests;
				PRODUCT_NAME = "$(TARGET_NAME)";
				SWIFT_VERSION = 3.0;
				TEST_HOST = "$(BUILT_PRODUCTS_DIR)/AgentSecurityCheck.app/AgentSecurityCheck";
			};
			name = Release;
		};
		CB12A2C91E43F0C400FE9F0B /* Debug */ = {
			isa = XCBuildConfiguration;
			buildSettings = {
				ALWAYS_EMBED_SWIFT_STANDARD_LIBRARIES = YES;
				DEVELOPMENT_TEAM = V252TK6927;
				INFOPLIST_FILE = AgentSecurityCheckUITests/Info.plist;
				LD_RUNPATH_SEARCH_PATHS = "$(inherited) @executable_path/Frameworks @loader_path/Frameworks";
				PRODUCT_BUNDLE_IDENTIFIER = com.grange.ios.AgentSecurityCheckUITests;
				PRODUCT_NAME = "$(TARGET_NAME)";
				SWIFT_VERSION = 3.0;
				TEST_TARGET_NAME = AgentSecurityCheck;
			};
			name = Debug;
		};
		CB12A2CA1E43F0C400FE9F0B /* Release */ = {
			isa = XCBuildConfiguration;
			buildSettings = {
				ALWAYS_EMBED_SWIFT_STANDARD_LIBRARIES = YES;
				DEVELOPMENT_TEAM = V252TK6927;
				INFOPLIST_FILE = AgentSecurityCheckUITests/Info.plist;
				LD_RUNPATH_SEARCH_PATHS = "$(inherited) @executable_path/Frameworks @loader_path/Frameworks";
				PRODUCT_BUNDLE_IDENTIFIER = com.grange.ios.AgentSecurityCheckUITests;
				PRODUCT_NAME = "$(TARGET_NAME)";
				SWIFT_VERSION = 3.0;
				TEST_TARGET_NAME = AgentSecurityCheck;
			};
			name = Release;
		};
/* End XCBuildConfiguration section */

/* Begin XCConfigurationList section */
		CB12A2951E43F0C300FE9F0B /* Build configuration list for PBXProject "AgentSecurityCheck" */ = {
			isa = XCConfigurationList;
			buildConfigurations = (
				CB12A2C01E43F0C400FE9F0B /* Debug */,
				CB12A2C11E43F0C400FE9F0B /* Release */,
			);
			defaultConfigurationIsVisible = 0;
			defaultConfigurationName = Release;
		};
		CB12A2C21E43F0C400FE9F0B /* Build configuration list for PBXNativeTarget "AgentSecurityCheck" */ = {
			isa = XCConfigurationList;
			buildConfigurations = (
				CB12A2C31E43F0C400FE9F0B /* Debug */,
				CB12A2C41E43F0C400FE9F0B /* Release */,
			);
			defaultConfigurationIsVisible = 0;
			defaultConfigurationName = Release;
		};
		CB12A2C51E43F0C400FE9F0B /* Build configuration list for PBXNativeTarget "AgentSecurityCheckTests" */ = {
			isa = XCConfigurationList;
			buildConfigurations = (
				CB12A2C61E43F0C400FE9F0B /* Debug */,
				CB12A2C71E43F0C400FE9F0B /* Release */,
			);
			defaultConfigurationIsVisible = 0;
			defaultConfigurationName = Release;
		};
		CB12A2C81E43F0C400FE9F0B /* Build configuration list for PBXNativeTarget "AgentSecurityCheckUITests" */ = {
			isa = XCConfigurationList;
			buildConfigurations = (
				CB12A2C91E43F0C400FE9F0B /* Debug */,
				CB12A2CA1E43F0C400FE9F0B /* Release */,
			);
			defaultConfigurationIsVisible = 0;
			defaultConfigurationName = Release;
		};
/* End XCConfigurationList section */
	};
	rootObject = CB12A2921E43F0C300FE9F0B /* Project object */;
}
